<?xml version="1.0" encoding="utf-8"?>
<Project ToolsVersion="17.0" xmlns="http://schemas.microsoft.com/developer/msbuild/2003">
  <ItemGroup>
    <CustomBuild Include="C:\LQTech\UGit\renderdoc\RenderDocExtract\Tools\HLSL-Decompiler\build_fresh\CMakeFiles\905078a6716515429d2d4801d39516bc\dxil_spirv_external-mkdir.rule">
      <Filter>CMake Rules</Filter>
    </CustomBuild>
    <CustomBuild Include="C:\LQTech\UGit\renderdoc\RenderDocExtract\Tools\HLSL-Decompiler\build_fresh\CMakeFiles\905078a6716515429d2d4801d39516bc\dxil_spirv_external-download.rule">
      <Filter>CMake Rules</Filter>
    </CustomBuild>
    <CustomBuild Include="C:\LQTech\UGit\renderdoc\RenderDocExtract\Tools\HLSL-Decompiler\build_fresh\CMakeFiles\905078a6716515429d2d4801d39516bc\dxil_spirv_external-update.rule">
      <Filter>CMake Rules</Filter>
    </CustomBuild>
    <CustomBuild Include="C:\LQTech\UGit\renderdoc\RenderDocExtract\Tools\HLSL-Decompiler\build_fresh\CMakeFiles\905078a6716515429d2d4801d39516bc\dxil_spirv_external-patch.rule">
      <Filter>CMake Rules</Filter>
    </CustomBuild>
    <CustomBuild Include="C:\LQTech\UGit\renderdoc\RenderDocExtract\Tools\HLSL-Decompiler\build_fresh\CMakeFiles\905078a6716515429d2d4801d39516bc\dxil_spirv_external-configure.rule">
      <Filter>CMake Rules</Filter>
    </CustomBuild>
    <CustomBuild Include="C:\LQTech\UGit\renderdoc\RenderDocExtract\Tools\HLSL-Decompiler\build_fresh\CMakeFiles\905078a6716515429d2d4801d39516bc\dxil_spirv_external-build.rule">
      <Filter>CMake Rules</Filter>
    </CustomBuild>
    <CustomBuild Include="C:\LQTech\UGit\renderdoc\RenderDocExtract\Tools\HLSL-Decompiler\build_fresh\CMakeFiles\905078a6716515429d2d4801d39516bc\dxil_spirv_external-install.rule">
      <Filter>CMake Rules</Filter>
    </CustomBuild>
    <CustomBuild Include="C:\LQTech\UGit\renderdoc\RenderDocExtract\Tools\HLSL-Decompiler\build_fresh\CMakeFiles\ef0561050ba028aba93d007919bff406\dxil_spirv_external-complete.rule">
      <Filter>CMake Rules</Filter>
    </CustomBuild>
    <CustomBuild Include="C:\LQTech\UGit\renderdoc\RenderDocExtract\Tools\HLSL-Decompiler\build_fresh\CMakeFiles\55faadff5537a7f2afdf764fa0cf7501\dxil_spirv_external.rule">
      <Filter>CMake Rules</Filter>
    </CustomBuild>
    <CustomBuild Include="C:\LQTech\UGit\renderdoc\RenderDocExtract\Tools\HLSL-Decompiler\CMakeLists.txt" />
  </ItemGroup>
  <ItemGroup>
    <None Include="C:\LQTech\UGit\renderdoc\RenderDocExtract\Tools\HLSL-Decompiler\build_fresh\CMakeFiles\dxil_spirv_external" />
  </ItemGroup>
  <ItemGroup>
    <Filter Include="CMake Rules">
      <UniqueIdentifier>{118C1479-D17A-3A14-B500-425AACA9BF2A}</UniqueIdentifier>
    </Filter>
  </ItemGroup>
</Project>
